// !$*UTF8*$!
{
	archiveVersion = 1;
	classes = {
	};
	objectVersion = 50;
	objects = {

/* Begin PBXBuildFile section */
		340222E7220E66C0005D41E3 /* GLESView4.m in Sources */ = {isa = PBXBuildFile; fileRef = 340222E6220E66C0005D41E3 /* GLESView4.m */; };
		340222E9220E7A8F005D41E3 /* VertextShader4.glsl in Resources */ = {isa = PBXBuildFile; fileRef = 340222E8220E7A8F005D41E3 /* VertextShader4.glsl */; };
		340222EB220E7A9D005D41E3 /* FragmentShader4.glsl in Resources */ = {isa = PBXBuildFile; fileRef = 340222EA220E7A9D005D41E3 /* FragmentShader4.glsl */; };
		340222F4220E818A005D41E3 /* GLESMath.c in Sources */ = {isa = PBXBuildFile; fileRef = 340222EF220E818A005D41E3 /* GLESMath.c */; };
		340222F6220EE92A005D41E3 /* wall.jpg in Resources */ = {isa = PBXBuildFile; fileRef = 340222F5220EE92A005D41E3 /* wall.jpg */; };
		34133A1C21F999A700B6CE10 /* AppDelegate.m in Sources */ = {isa = PBXBuildFile; fileRef = 34133A1B21F999A700B6CE10 /* AppDelegate.m */; };
		34133A1F21F999A700B6CE10 /* ViewController.m in Sources */ = {isa = PBXBuildFile; fileRef = 34133A1E21F999A700B6CE10 /* ViewController.m */; };
		34133A2221F999A700B6CE10 /* Main.storyboard in Resources */ = {isa = PBXBuildFile; fileRef = 34133A2021F999A700B6CE10 /* Main.storyboard */; };
		34133A2421F999A900B6CE10 /* Assets.xcassets in Resources */ = {isa = PBXBuildFile; fileRef = 34133A2321F999A900B6CE10 /* Assets.xcassets */; };
		34133A2721F999A900B6CE10 /* LaunchScreen.storyboard in Resources */ = {isa = PBXBuildFile; fileRef = 34133A2521F999A900B6CE10 /* LaunchScreen.storyboard */; };
		34133A2A21F999A900B6CE10 /* main.m in Sources */ = {isa = PBXBuildFile; fileRef = 34133A2921F999A900B6CE10 /* main.m */; };
		34133A3221F999C200B6CE10 /* GLESView.m in Sources */ = {isa = PBXBuildFile; fileRef = 34133A3121F999C200B6CE10 /* GLESView.m */; };
		34133A3521F9A3BE00B6CE10 /* GLESUtils.m in Sources */ = {isa = PBXBuildFile; fileRef = 34133A3421F9A3BE00B6CE10 /* GLESUtils.m */; };
		34133A3721F9A8E500B6CE10 /* VertexShader.glsl in Resources */ = {isa = PBXBuildFile; fileRef = 34133A3621F9A8E500B6CE10 /* VertexShader.glsl */; };
		34133A3921F9A90100B6CE10 /* FragmentShader.glsl in Resources */ = {isa = PBXBuildFile; fileRef = 34133A3821F9A90100B6CE10 /* FragmentShader.glsl */; };
		34167F6421FEAA0900821785 /* GLESView3.m in Sources */ = {isa = PBXBuildFile; fileRef = 34167F6321FEAA0900821785 /* GLESView3.m */; };
		3417EA2B22150E4500A9F54A /* GLESView8.m in Sources */ = {isa = PBXBuildFile; fileRef = 3417EA2A22150E4500A9F54A /* GLESView8.m */; };
		3417EA2E2215104100A9F54A /* FragmentShader8.glsl in Resources */ = {isa = PBXBuildFile; fileRef = 3417EA2C2215104100A9F54A /* FragmentShader8.glsl */; };
		3417EA2F2215104100A9F54A /* VertextShader8.glsl in Resources */ = {isa = PBXBuildFile; fileRef = 3417EA2D2215104100A9F54A /* VertextShader8.glsl */; };
		3417EA312215402000A9F54A /* GLESView7.m in Sources */ = {isa = PBXBuildFile; fileRef = 3424E58722140DD600F8E743 /* GLESView7.m */; };
		3417EA332215469900A9F54A /* jinshu.jpg in Resources */ = {isa = PBXBuildFile; fileRef = 3417EA322215469900A9F54A /* jinshu.jpg */; };
		3417EA3D22154E3900A9F54A /* Lamborginhi Aventador_gloss.jpeg in Resources */ = {isa = PBXBuildFile; fileRef = 3417EA3A22154E3800A9F54A /* Lamborginhi Aventador_gloss.jpeg */; };
		3417EA3E22154E3900A9F54A /* Lamborginhi Aventador_spec.jpeg in Resources */ = {isa = PBXBuildFile; fileRef = 3417EA3B22154E3900A9F54A /* Lamborginhi Aventador_spec.jpeg */; };
		3417EA402215504C00A9F54A /* Lamborginhi Aventador_diffuse.jpeg in Resources */ = {isa = PBXBuildFile; fileRef = 3417EA3F2215504C00A9F54A /* Lamborginhi Aventador_diffuse.jpeg */; };
		3417EA4922155F4600A9F54A /* Orange_Color.jpg in Resources */ = {isa = PBXBuildFile; fileRef = 3417EA4722155F4600A9F54A /* Orange_Color.jpg */; };
		3417EA4A22155F4600A9F54A /* Orange_Normal.jpg in Resources */ = {isa = PBXBuildFile; fileRef = 3417EA4822155F4600A9F54A /* Orange_Normal.jpg */; };
		3417EA5422156DB400A9F54A /* FragmentShader9.glsl in Resources */ = {isa = PBXBuildFile; fileRef = 3417EA4F22156DB400A9F54A /* FragmentShader9.glsl */; };
		3417EA582215719C00A9F54A /* VertextShader9.glsl in Resources */ = {isa = PBXBuildFile; fileRef = 3417EA572215719C00A9F54A /* VertextShader9.glsl */; };
		3417EA5B22165C1D00A9F54A /* jinshu.jpg in Resources */ = {isa = PBXBuildFile; fileRef = 3417EA5A22165C1D00A9F54A /* jinshu.jpg */; };
		3417EA5E22165CCC00A9F54A /* DYGestureRecognizerView.m in Sources */ = {isa = PBXBuildFile; fileRef = 3417EA5D22165CCC00A9F54A /* DYGestureRecognizerView.m */; };
		341E3E092216A0D300C208B4 /* OpenGL（十七）Photoshop blend算法 与 图层混合模式 - 阿修罗道 - CSDN博客.pdf in Resources */ = {isa = PBXBuildFile; fileRef = 341E3E082216A0D300C208B4 /* OpenGL（十七）Photoshop blend算法 与 图层混合模式 - 阿修罗道 - CSDN博客.pdf */; };
		3424E54122125EFF00F8E743 /* GLESView5.m in Sources */ = {isa = PBXBuildFile; fileRef = 3424E54022125EFF00F8E743 /* GLESView5.m */; };
		3424E5562212B12300F8E743 /* color_2.png in Resources */ = {isa = PBXBuildFile; fileRef = 3424E5502212B12300F8E743 /* color_2.png */; };
		3424E5572212B12300F8E743 /* color_3.png in Resources */ = {isa = PBXBuildFile; fileRef = 3424E5512212B12300F8E743 /* color_3.png */; };
		3424E5582212B12300F8E743 /* color_1.png in Resources */ = {isa = PBXBuildFile; fileRef = 3424E5522212B12300F8E743 /* color_1.png */; };
		3424E5592212B12300F8E743 /* color_4.png in Resources */ = {isa = PBXBuildFile; fileRef = 3424E5532212B12300F8E743 /* color_4.png */; };
		3424E55A2212B12300F8E743 /* color_5.png in Resources */ = {isa = PBXBuildFile; fileRef = 3424E5542212B12300F8E743 /* color_5.png */; };
		3424E55B2212B12300F8E743 /* color_6.png in Resources */ = {isa = PBXBuildFile; fileRef = 3424E5552212B12300F8E743 /* color_6.png */; };
		3424E5732213CA8600F8E743 /* VertextShader5.glsl in Resources */ = {isa = PBXBuildFile; fileRef = 3424E5722213CA8600F8E743 /* VertextShader5.glsl */; };
		3424E5752213CA9300F8E743 /* FragmentShader5.glsl in Resources */ = {isa = PBXBuildFile; fileRef = 3424E5742213CA9300F8E743 /* FragmentShader5.glsl */; };
		3424E5772213CABA00F8E743 /* FragmentShader3.glsl in Resources */ = {isa = PBXBuildFile; fileRef = 3424E5762213CABA00F8E743 /* FragmentShader3.glsl */; };
		3424E5792213CACD00F8E743 /* VertextShader3.glsl in Resources */ = {isa = PBXBuildFile; fileRef = 3424E5782213CACD00F8E743 /* VertextShader3.glsl */; };
		3424E58A22140DEB00F8E743 /* VertextShader7.glsl in Resources */ = {isa = PBXBuildFile; fileRef = 3424E58922140DEB00F8E743 /* VertextShader7.glsl */; };
		3424E58C22140DF800F8E743 /* FragmentShader7.glsl in Resources */ = {isa = PBXBuildFile; fileRef = 3424E58B22140DF800F8E743 /* FragmentShader7.glsl */; };
		3424E58E2214290D00F8E743 /* earth-diffuse.jpg in Resources */ = {isa = PBXBuildFile; fileRef = 3424E58D2214290C00F8E743 /* earth-diffuse.jpg */; };
		3425872921FAFDDC009B3EB0 /* GLESView1.m in Sources */ = {isa = PBXBuildFile; fileRef = 3425872821FAFDDC009B3EB0 /* GLESView1.m */; };
		3425872B21FB0669009B3EB0 /* VertextShader1.glsl in Resources */ = {isa = PBXBuildFile; fileRef = 3425872A21FB0669009B3EB0 /* VertextShader1.glsl */; };
		3425872D21FB0681009B3EB0 /* FragmentShader1.glsl in Resources */ = {isa = PBXBuildFile; fileRef = 3425872C21FB0681009B3EB0 /* FragmentShader1.glsl */; };
		3428AA2C221D4B21005E6AD5 /* DYGLESView.m in Sources */ = {isa = PBXBuildFile; fileRef = 3428AA1F221D4B1F005E6AD5 /* DYGLESView.m */; };
		3428AA2D221D4B21005E6AD5 /* DYGLESUtils.m in Sources */ = {isa = PBXBuildFile; fileRef = 3428AA20221D4B1F005E6AD5 /* DYGLESUtils.m */; };
		3428AA2F221D4B21005E6AD5 /* FragmentShader6.glsl in Resources */ = {isa = PBXBuildFile; fileRef = 3428AA22221D4B20005E6AD5 /* FragmentShader6.glsl */; };
		3428AA31221D4B21005E6AD5 /* VertextShader6.glsl in Resources */ = {isa = PBXBuildFile; fileRef = 3428AA26221D4B21005E6AD5 /* VertextShader6.glsl */; };
		3428AA32221D4B21005E6AD5 /* rocket.mp4 in Resources */ = {isa = PBXBuildFile; fileRef = 3428AA28221D4B21005E6AD5 /* rocket.mp4 */; };
		3428AA33221D4B21005E6AD5 /* guanjun.mp4 in Resources */ = {isa = PBXBuildFile; fileRef = 3428AA29221D4B21005E6AD5 /* guanjun.mp4 */; };
		3428AA34221D4B21005E6AD5 /* DYGiftEffectManager.m in Sources */ = {isa = PBXBuildFile; fileRef = 3428AA2B221D4B21005E6AD5 /* DYGiftEffectManager.m */; };
		344FFFCA221A500E00BBD174 /* box_2.png in Resources */ = {isa = PBXBuildFile; fileRef = 344FFFC8221A500D00BBD174 /* box_2.png */; };
		344FFFCB221A500E00BBD174 /* box_1.png in Resources */ = {isa = PBXBuildFile; fileRef = 344FFFC9221A500E00BBD174 /* box_1.png */; };
		344FFFD2221A6FF700BBD174 /* GLESView10.m in Sources */ = {isa = PBXBuildFile; fileRef = 34841D332217E1280088D974 /* GLESView10.m */; };
		344FFFD3221A732C00BBD174 /* GLESView9.m in Sources */ = {isa = PBXBuildFile; fileRef = 3417EA5022156DB400A9F54A /* GLESView9.m */; };
		34841D382217E1280088D974 /* VertextShader10.glsl in Resources */ = {isa = PBXBuildFile; fileRef = 34841D342217E1280088D974 /* VertextShader10.glsl */; };
		34841D392217E1280088D974 /* FragmentShader10.glsl in Resources */ = {isa = PBXBuildFile; fileRef = 34841D362217E1280088D974 /* FragmentShader10.glsl */; };
		34EB365221FC4C220087CE1B /* GLESView2.m in Sources */ = {isa = PBXBuildFile; fileRef = 34EB365121FC4C220087CE1B /* GLESView2.m */; };
		34EB365421FC4CBE0087CE1B /* FragmentShader2.glsl in Resources */ = {isa = PBXBuildFile; fileRef = 34EB365321FC4CBE0087CE1B /* FragmentShader2.glsl */; };
		34EB365621FC4CD20087CE1B /* VertextShader2.glsl in Resources */ = {isa = PBXBuildFile; fileRef = 34EB365521FC4CD20087CE1B /* VertextShader2.glsl */; };
/* End PBXBuildFile section */

/* Begin PBXFileReference section */
		340222E5220E66C0005D41E3 /* GLESView4.h */ = {isa = PBXFileReference; lastKnownFileType = sourcecode.c.h; path = GLESView4.h; sourceTree = "<group>"; };
		340222E6220E66C0005D41E3 /* GLESView4.m */ = {isa = PBXFileReference; lastKnownFileType = sourcecode.c.objc; path = GLESView4.m; sourceTree = "<group>"; };
		340222E8220E7A8F005D41E3 /* VertextShader4.glsl */ = {isa = PBXFileReference; lastKnownFileType = text; path = VertextShader4.glsl; sourceTree = "<group>"; };
		340222EA220E7A9D005D41E3 /* FragmentShader4.glsl */ = {isa = PBXFileReference; lastKnownFileType = text; path = FragmentShader4.glsl; sourceTree = "<group>"; };
		340222EE220E818A005D41E3 /* Quaternion.h */ = {isa = PBXFileReference; fileEncoding = 4; lastKnownFileType = sourcecode.c.h; path = Quaternion.h; sourceTree = "<group>"; };
		340222EF220E818A005D41E3 /* GLESMath.c */ = {isa = PBXFileReference; fileEncoding = 4; lastKnownFileType = sourcecode.c.c; path = GLESMath.c; sourceTree = "<group>"; };
		340222F1220E818A005D41E3 /* Vector.h */ = {isa = PBXFileReference; fileEncoding = 4; lastKnownFileType = sourcecode.c.h; path = Vector.h; sourceTree = "<group>"; };
		340222F2220E818A005D41E3 /* GLESMath.h */ = {isa = PBXFileReference; fileEncoding = 4; lastKnownFileType = sourcecode.c.h; path = GLESMath.h; sourceTree = "<group>"; };
		340222F5220EE92A005D41E3 /* wall.jpg */ = {isa = PBXFileReference; lastKnownFileType = image.jpeg; path = wall.jpg; sourceTree = "<group>"; };
		34133A1721F999A700B6CE10 /* OpenGL ES Learning.app */ = {isa = PBXFileReference; explicitFileType = wrapper.application; includeInIndex = 0; path = "OpenGL ES Learning.app"; sourceTree = BUILT_PRODUCTS_DIR; };
		34133A1A21F999A700B6CE10 /* AppDelegate.h */ = {isa = PBXFileReference; lastKnownFileType = sourcecode.c.h; path = AppDelegate.h; sourceTree = "<group>"; };
		34133A1B21F999A700B6CE10 /* AppDelegate.m */ = {isa = PBXFileReference; lastKnownFileType = sourcecode.c.objc; path = AppDelegate.m; sourceTree = "<group>"; };
		34133A1D21F999A700B6CE10 /* ViewController.h */ = {isa = PBXFileReference; lastKnownFileType = sourcecode.c.h; path = ViewController.h; sourceTree = "<group>"; };
		34133A1E21F999A700B6CE10 /* ViewController.m */ = {isa = PBXFileReference; lastKnownFileType = sourcecode.c.objc; path = ViewController.m; sourceTree = "<group>"; };
		34133A2121F999A700B6CE10 /* Base */ = {isa = PBXFileReference; lastKnownFileType = file.storyboard; name = Base; path = Base.lproj/Main.storyboard; sourceTree = "<group>"; };
		34133A2321F999A900B6CE10 /* Assets.xcassets */ = {isa = PBXFileReference; lastKnownFileType = folder.assetcatalog; path = Assets.xcassets; sourceTree = "<group>"; };
		34133A2621F999A900B6CE10 /* Base */ = {isa = PBXFileReference; lastKnownFileType = file.storyboard; name = Base; path = Base.lproj/LaunchScreen.storyboard; sourceTree = "<group>"; };
		34133A2821F999A900B6CE10 /* Info.plist */ = {isa = PBXFileReference; lastKnownFileType = text.plist.xml; path = Info.plist; sourceTree = "<group>"; };
		34133A2921F999A900B6CE10 /* main.m */ = {isa = PBXFileReference; lastKnownFileType = sourcecode.c.objc; path = main.m; sourceTree = "<group>"; };
		34133A3021F999C200B6CE10 /* GLESView.h */ = {isa = PBXFileReference; lastKnownFileType = sourcecode.c.h; path = GLESView.h; sourceTree = "<group>"; };
		34133A3121F999C200B6CE10 /* GLESView.m */ = {isa = PBXFileReference; lastKnownFileType = sourcecode.c.objc; path = GLESView.m; sourceTree = "<group>"; };
		34133A3321F9A3BE00B6CE10 /* GLESUtils.h */ = {isa = PBXFileReference; lastKnownFileType = sourcecode.c.h; path = GLESUtils.h; sourceTree = "<group>"; };
		34133A3421F9A3BE00B6CE10 /* GLESUtils.m */ = {isa = PBXFileReference; lastKnownFileType = sourcecode.c.objc; path = GLESUtils.m; sourceTree = "<group>"; };
		34133A3621F9A8E500B6CE10 /* VertexShader.glsl */ = {isa = PBXFileReference; lastKnownFileType = text; path = VertexShader.glsl; sourceTree = "<group>"; };
		34133A3821F9A90100B6CE10 /* FragmentShader.glsl */ = {isa = PBXFileReference; lastKnownFileType = text; path = FragmentShader.glsl; sourceTree = "<group>"; };
		34167F6221FEAA0900821785 /* GLESView3.h */ = {isa = PBXFileReference; lastKnownFileType = sourcecode.c.h; path = GLESView3.h; sourceTree = "<group>"; };
		34167F6321FEAA0900821785 /* GLESView3.m */ = {isa = PBXFileReference; lastKnownFileType = sourcecode.c.objc; path = GLESView3.m; sourceTree = "<group>"; };
		3417EA2922150E4500A9F54A /* GLESView8.h */ = {isa = PBXFileReference; lastKnownFileType = sourcecode.c.h; path = GLESView8.h; sourceTree = "<group>"; };
		3417EA2A22150E4500A9F54A /* GLESView8.m */ = {isa = PBXFileReference; lastKnownFileType = sourcecode.c.objc; path = GLESView8.m; sourceTree = "<group>"; };
		3417EA2C2215104100A9F54A /* FragmentShader8.glsl */ = {isa = PBXFileReference; fileEncoding = 4; lastKnownFileType = text; path = FragmentShader8.glsl; sourceTree = "<group>"; };
		3417EA2D2215104100A9F54A /* VertextShader8.glsl */ = {isa = PBXFileReference; fileEncoding = 4; lastKnownFileType = text; path = VertextShader8.glsl; sourceTree = "<group>"; };
		3417EA3022153B2A00A9F54A /* skull.h */ = {isa = PBXFileReference; fileEncoding = 4; lastKnownFileType = sourcecode.c.h; path = skull.h; sourceTree = "<group>"; };
		3417EA322215469900A9F54A /* jinshu.jpg */ = {isa = PBXFileReference; lastKnownFileType = image.jpeg; path = jinshu.jpg; sourceTree = "<group>"; };
		3417EA3622154C2100A9F54A /* Lamborghini_Aventador.h */ = {isa = PBXFileReference; fileEncoding = 4; lastKnownFileType = sourcecode.c.h; path = Lamborghini_Aventador.h; sourceTree = "<group>"; };
		3417EA3A22154E3800A9F54A /* Lamborginhi Aventador_gloss.jpeg */ = {isa = PBXFileReference; lastKnownFileType = image.jpeg; path = "Lamborginhi Aventador_gloss.jpeg"; sourceTree = "<group>"; };
		3417EA3B22154E3900A9F54A /* Lamborginhi Aventador_spec.jpeg */ = {isa = PBXFileReference; lastKnownFileType = image.jpeg; path = "Lamborginhi Aventador_spec.jpeg"; sourceTree = "<group>"; };
		3417EA3F2215504C00A9F54A /* Lamborginhi Aventador_diffuse.jpeg */ = {isa = PBXFileReference; lastKnownFileType = image.jpeg; path = "Lamborginhi Aventador_diffuse.jpeg"; sourceTree = "<group>"; };
		3417EA4222155BC500A9F54A /* README.h */ = {isa = PBXFileReference; lastKnownFileType = sourcecode.c.h; path = README.h; sourceTree = "<group>"; };
		3417EA4322155EEF00A9F54A /* Orange.h */ = {isa = PBXFileReference; lastKnownFileType = sourcecode.c.h; path = Orange.h; sourceTree = "<group>"; };
		3417EA4722155F4600A9F54A /* Orange_Color.jpg */ = {isa = PBXFileReference; lastKnownFileType = image.jpeg; path = Orange_Color.jpg; sourceTree = "<group>"; };
		3417EA4822155F4600A9F54A /* Orange_Normal.jpg */ = {isa = PBXFileReference; lastKnownFileType = image.jpeg; path = Orange_Normal.jpg; sourceTree = "<group>"; };
		3417EA4F22156DB400A9F54A /* FragmentShader9.glsl */ = {isa = PBXFileReference; fileEncoding = 4; lastKnownFileType = text; path = FragmentShader9.glsl; sourceTree = "<group>"; };
		3417EA5022156DB400A9F54A /* GLESView9.m */ = {isa = PBXFileReference; fileEncoding = 4; lastKnownFileType = sourcecode.c.objc; path = GLESView9.m; sourceTree = "<group>"; };
		3417EA5222156DB400A9F54A /* GLESView9.h */ = {isa = PBXFileReference; fileEncoding = 4; lastKnownFileType = sourcecode.c.h; path = GLESView9.h; sourceTree = "<group>"; };
		3417EA572215719C00A9F54A /* VertextShader9.glsl */ = {isa = PBXFileReference; fileEncoding = 4; lastKnownFileType = text; path = VertextShader9.glsl; sourceTree = "<group>"; };
		3417EA5922165BF800A9F54A /* smoothMonkey.h */ = {isa = PBXFileReference; lastKnownFileType = sourcecode.c.h; path = smoothMonkey.h; sourceTree = "<group>"; };
		3417EA5A22165C1D00A9F54A /* jinshu.jpg */ = {isa = PBXFileReference; lastKnownFileType = image.jpeg; path = jinshu.jpg; sourceTree = "<group>"; };
		3417EA5C22165CCC00A9F54A /* DYGestureRecognizerView.h */ = {isa = PBXFileReference; lastKnownFileType = sourcecode.c.h; path = DYGestureRecognizerView.h; sourceTree = "<group>"; };
		3417EA5D22165CCC00A9F54A /* DYGestureRecognizerView.m */ = {isa = PBXFileReference; lastKnownFileType = sourcecode.c.objc; path = DYGestureRecognizerView.m; sourceTree = "<group>"; };
		341E3E082216A0D300C208B4 /* OpenGL（十七）Photoshop blend算法 与 图层混合模式 - 阿修罗道 - CSDN博客.pdf */ = {isa = PBXFileReference; lastKnownFileType = image.pdf; path = "OpenGL（十七）Photoshop blend算法 与 图层混合模式 - 阿修罗道 - CSDN博客.pdf"; sourceTree = "<group>"; };
		3424E53F22125EFF00F8E743 /* GLESView5.h */ = {isa = PBXFileReference; lastKnownFileType = sourcecode.c.h; path = GLESView5.h; sourceTree = "<group>"; };
		3424E54022125EFF00F8E743 /* GLESView5.m */ = {isa = PBXFileReference; lastKnownFileType = sourcecode.c.objc; path = GLESView5.m; sourceTree = "<group>"; };
		3424E5502212B12300F8E743 /* color_2.png */ = {isa = PBXFileReference; lastKnownFileType = image.png; path = color_2.png; sourceTree = "<group>"; };
		3424E5512212B12300F8E743 /* color_3.png */ = {isa = PBXFileReference; lastKnownFileType = image.png; path = color_3.png; sourceTree = "<group>"; };
		3424E5522212B12300F8E743 /* color_1.png */ = {isa = PBXFileReference; lastKnownFileType = image.png; path = color_1.png; sourceTree = "<group>"; };
		3424E5532212B12300F8E743 /* color_4.png */ = {isa = PBXFileReference; lastKnownFileType = image.png; path = color_4.png; sourceTree = "<group>"; };
		3424E5542212B12300F8E743 /* color_5.png */ = {isa = PBXFileReference; lastKnownFileType = image.png; path = color_5.png; sourceTree = "<group>"; };
		3424E5552212B12300F8E743 /* color_6.png */ = {isa = PBXFileReference; lastKnownFileType = image.png; path = color_6.png; sourceTree = "<group>"; };
		3424E5722213CA8600F8E743 /* VertextShader5.glsl */ = {isa = PBXFileReference; lastKnownFileType = text; path = VertextShader5.glsl; sourceTree = "<group>"; };
		3424E5742213CA9300F8E743 /* FragmentShader5.glsl */ = {isa = PBXFileReference; lastKnownFileType = text; path = FragmentShader5.glsl; sourceTree = "<group>"; };
		3424E5762213CABA00F8E743 /* FragmentShader3.glsl */ = {isa = PBXFileReference; lastKnownFileType = text; path = FragmentShader3.glsl; sourceTree = "<group>"; };
		3424E5782213CACD00F8E743 /* VertextShader3.glsl */ = {isa = PBXFileReference; lastKnownFileType = text; path = VertextShader3.glsl; sourceTree = "<group>"; };
		3424E58622140DD600F8E743 /* GLESView7.h */ = {isa = PBXFileReference; lastKnownFileType = sourcecode.c.h; path = GLESView7.h; sourceTree = "<group>"; };
		3424E58722140DD600F8E743 /* GLESView7.m */ = {isa = PBXFileReference; lastKnownFileType = sourcecode.c.objc; path = GLESView7.m; sourceTree = "<group>"; };
		3424E58922140DEB00F8E743 /* VertextShader7.glsl */ = {isa = PBXFileReference; lastKnownFileType = text; path = VertextShader7.glsl; sourceTree = "<group>"; };
		3424E58B22140DF800F8E743 /* FragmentShader7.glsl */ = {isa = PBXFileReference; lastKnownFileType = text; path = FragmentShader7.glsl; sourceTree = "<group>"; };
		3424E58D2214290C00F8E743 /* earth-diffuse.jpg */ = {isa = PBXFileReference; lastKnownFileType = image.jpeg; path = "earth-diffuse.jpg"; sourceTree = "<group>"; };
		3424E58F221429A300F8E743 /* OSSphere.h */ = {isa = PBXFileReference; lastKnownFileType = sourcecode.c.h; path = OSSphere.h; sourceTree = "<group>"; };
		3425872721FAFDDC009B3EB0 /* GLESView1.h */ = {isa = PBXFileReference; lastKnownFileType = sourcecode.c.h; path = GLESView1.h; sourceTree = "<group>"; };
		3425872821FAFDDC009B3EB0 /* GLESView1.m */ = {isa = PBXFileReference; lastKnownFileType = sourcecode.c.objc; path = GLESView1.m; sourceTree = "<group>"; };
		3425872A21FB0669009B3EB0 /* VertextShader1.glsl */ = {isa = PBXFileReference; lastKnownFileType = text; path = VertextShader1.glsl; sourceTree = "<group>"; };
		3425872C21FB0681009B3EB0 /* FragmentShader1.glsl */ = {isa = PBXFileReference; lastKnownFileType = text; path = FragmentShader1.glsl; sourceTree = "<group>"; };
		3428AA1F221D4B1F005E6AD5 /* DYGLESView.m */ = {isa = PBXFileReference; fileEncoding = 4; lastKnownFileType = sourcecode.c.objc; path = DYGLESView.m; sourceTree = "<group>"; };
		3428AA20221D4B1F005E6AD5 /* DYGLESUtils.m */ = {isa = PBXFileReference; fileEncoding = 4; lastKnownFileType = sourcecode.c.objc; path = DYGLESUtils.m; sourceTree = "<group>"; };
		3428AA22221D4B20005E6AD5 /* FragmentShader6.glsl */ = {isa = PBXFileReference; fileEncoding = 4; lastKnownFileType = text; path = FragmentShader6.glsl; sourceTree = "<group>"; };
		3428AA23221D4B20005E6AD5 /* DYGLESView.h */ = {isa = PBXFileReference; fileEncoding = 4; lastKnownFileType = sourcecode.c.h; path = DYGLESView.h; sourceTree = "<group>"; };
		3428AA24221D4B20005E6AD5 /* DYGLESUtils.h */ = {isa = PBXFileReference; fileEncoding = 4; lastKnownFileType = sourcecode.c.h; path = DYGLESUtils.h; sourceTree = "<group>"; };
		3428AA26221D4B21005E6AD5 /* VertextShader6.glsl */ = {isa = PBXFileReference; fileEncoding = 4; lastKnownFileType = text; path = VertextShader6.glsl; sourceTree = "<group>"; };
		3428AA28221D4B21005E6AD5 /* rocket.mp4 */ = {isa = PBXFileReference; lastKnownFileType = file; path = rocket.mp4; sourceTree = "<group>"; };
		3428AA29221D4B21005E6AD5 /* guanjun.mp4 */ = {isa = PBXFileReference; lastKnownFileType = file; path = guanjun.mp4; sourceTree = "<group>"; };
		3428AA2A221D4B21005E6AD5 /* DYGiftEffectManager.h */ = {isa = PBXFileReference; fileEncoding = 4; lastKnownFileType = sourcecode.c.h; path = DYGiftEffectManager.h; sourceTree = "<group>"; };
		3428AA2B221D4B21005E6AD5 /* DYGiftEffectManager.m */ = {isa = PBXFileReference; fileEncoding = 4; lastKnownFileType = sourcecode.c.objc; path = DYGiftEffectManager.m; sourceTree = "<group>"; };
		344FFFC5221A4ED700BBD174 /* LYOpenGLView.h */ = {isa = PBXFileReference; lastKnownFileType = sourcecode.c.h; path = LYOpenGLView.h; sourceTree = "<group>"; };
		344FFFC6221A4ED700BBD174 /* LYOpenGLView.m */ = {isa = PBXFileReference; lastKnownFileType = sourcecode.c.objc; path = LYOpenGLView.m; sourceTree = "<group>"; };
		344FFFC8221A500D00BBD174 /* box_2.png */ = {isa = PBXFileReference; lastKnownFileType = image.png; path = box_2.png; sourceTree = "<group>"; };
		344FFFC9221A500E00BBD174 /* box_1.png */ = {isa = PBXFileReference; lastKnownFileType = image.png; path = box_1.png; sourceTree = "<group>"; };
		344FFFCE221A5BA100BBD174 /* OpenGL_Materials.png */ = {isa = PBXFileReference; lastKnownFileType = image.png; path = OpenGL_Materials.png; sourceTree = "<group>"; };
		344FFFD4221A744000BBD174 /* cube.h */ = {isa = PBXFileReference; lastKnownFileType = sourcecode.c.h; path = cube.h; sourceTree = "<group>"; };
		344FFFD5221A968800BBD174 /* WavefrontOBJ.m */ = {isa = PBXFileReference; lastKnownFileType = sourcecode.c.objc; path = WavefrontOBJ.m; sourceTree = "<group>"; };
		344FFFD6221A968C00BBD174 /* WavefrontOBJ.h */ = {isa = PBXFileReference; lastKnownFileType = sourcecode.c.h; path = WavefrontOBJ.h; sourceTree = "<group>"; };
		34841D332217E1280088D974 /* GLESView10.m */ = {isa = PBXFileReference; fileEncoding = 4; lastKnownFileType = sourcecode.c.objc; path = GLESView10.m; sourceTree = "<group>"; };
		34841D342217E1280088D974 /* VertextShader10.glsl */ = {isa = PBXFileReference; fileEncoding = 4; lastKnownFileType = text; path = VertextShader10.glsl; sourceTree = "<group>"; };
		34841D352217E1280088D974 /* GLESView10.h */ = {isa = PBXFileReference; fileEncoding = 4; lastKnownFileType = sourcecode.c.h; path = GLESView10.h; sourceTree = "<group>"; };
		34841D362217E1280088D974 /* FragmentShader10.glsl */ = {isa = PBXFileReference; fileEncoding = 4; lastKnownFileType = text; path = FragmentShader10.glsl; sourceTree = "<group>"; };
		34EB365021FC4C220087CE1B /* GLESView2.h */ = {isa = PBXFileReference; lastKnownFileType = sourcecode.c.h; path = GLESView2.h; sourceTree = "<group>"; };
		34EB365121FC4C220087CE1B /* GLESView2.m */ = {isa = PBXFileReference; lastKnownFileType = sourcecode.c.objc; path = GLESView2.m; sourceTree = "<group>"; };
		34EB365321FC4CBE0087CE1B /* FragmentShader2.glsl */ = {isa = PBXFileReference; lastKnownFileType = text; path = FragmentShader2.glsl; sourceTree = "<group>"; };
		34EB365521FC4CD20087CE1B /* VertextShader2.glsl */ = {isa = PBXFileReference; lastKnownFileType = text; path = VertextShader2.glsl; sourceTree = "<group>"; };
/* End PBXFileReference section */

/* Begin PBXFrameworksBuildPhase section */
		34133A1421F999A700B6CE10 /* Frameworks */ = {
			isa = PBXFrameworksBuildPhase;
			buildActionMask = 2147483647;
			files = (
			);
			runOnlyForDeploymentPostprocessing = 0;
		};
/* End PBXFrameworksBuildPhase section */

/* Begin PBXGroup section */
		340222EC220E818A005D41E3 /* Utils */ = {
			isa = PBXGroup;
			children = (
				34133A3321F9A3BE00B6CE10 /* GLESUtils.h */,
				34133A3421F9A3BE00B6CE10 /* GLESUtils.m */,
				340222EE220E818A005D41E3 /* Quaternion.h */,
				340222EF220E818A005D41E3 /* GLESMath.c */,
				340222F1220E818A005D41E3 /* Vector.h */,
				340222F2220E818A005D41E3 /* GLESMath.h */,
			);
			path = Utils;
			sourceTree = "<group>";
		};
		34133A0E21F999A700B6CE10 = {
			isa = PBXGroup;
			children = (
				34133A1921F999A700B6CE10 /* OpenGL ES Learning */,
				34133A1821F999A700B6CE10 /* Products */,
			);
			sourceTree = "<group>";
		};
		34133A1821F999A700B6CE10 /* Products */ = {
			isa = PBXGroup;
			children = (
				34133A1721F999A700B6CE10 /* OpenGL ES Learning.app */,
			);
			name = Products;
			sourceTree = "<group>";
		};
		34133A1921F999A700B6CE10 /* OpenGL ES Learning */ = {
			isa = PBXGroup;
			children = (
				340222EC220E818A005D41E3 /* Utils */,
				34841D322217E1280088D974 /* demo10(正方体光照贴图 法线有问题) */,
				3417EA4B22156DB400A9F54A /* demo09(环境光) */,
				3417EA2822150E1A00A9F54A /* demo08(骷髅, 车, 橙子) */,
				3424E58522140DA400F8E743 /* demo07(球体) */,
				3424E5712213C98500F8E743 /* demo06(加载视频) */,
				3424E5702213C97F00F8E743 /* demo05(正方体五个面不同) */,
				3424E56F2213C97300F8E743 /* demo04(正方体五个面相同) */,
				3424E56E2213C96D00F8E743 /* demo03(两个图片实现纹理混合液) */,
				3424E56D2213C95500F8E743 /* demo02(加载一个图片) */,
				3424E56C2213C94D00F8E743 /* demo01(绘制一个正方形渐变色) */,
				3424E56A2213C90A00F8E743 /* demo00(绘制一个纯色三角形) */,
				34133A1A21F999A700B6CE10 /* AppDelegate.h */,
				34133A1B21F999A700B6CE10 /* AppDelegate.m */,
				34133A1D21F999A700B6CE10 /* ViewController.h */,
				34133A1E21F999A700B6CE10 /* ViewController.m */,
				3417EA5C22165CCC00A9F54A /* DYGestureRecognizerView.h */,
				3417EA5D22165CCC00A9F54A /* DYGestureRecognizerView.m */,
				34133A2021F999A700B6CE10 /* Main.storyboard */,
				34133A2321F999A900B6CE10 /* Assets.xcassets */,
				34133A2521F999A900B6CE10 /* LaunchScreen.storyboard */,
				34133A2821F999A900B6CE10 /* Info.plist */,
				34133A2921F999A900B6CE10 /* main.m */,
			);
			path = "OpenGL ES Learning";
			sourceTree = "<group>";
		};
		3417EA2822150E1A00A9F54A /* demo08(骷髅, 车, 橙子) */ = {
			isa = PBXGroup;
			children = (
				3417EA4622155F1000A9F54A /* Lamborghini_Aventador */,
				3417EA4522155F0800A9F54A /* Orange */,
				3417EA4422155EF800A9F54A /* Skull */,
				3417EA4222155BC500A9F54A /* README.h */,
				344FFFD6221A968C00BBD174 /* WavefrontOBJ.h */,
				344FFFD5221A968800BBD174 /* WavefrontOBJ.m */,
				3417EA2922150E4500A9F54A /* GLESView8.h */,
				3417EA2A22150E4500A9F54A /* GLESView8.m */,
				3417EA2C2215104100A9F54A /* FragmentShader8.glsl */,
				3417EA2D2215104100A9F54A /* VertextShader8.glsl */,
			);
			path = "demo08(骷髅, 车, 橙子)";
			sourceTree = "<group>";
		};
		3417EA4422155EF800A9F54A /* Skull */ = {
			isa = PBXGroup;
			children = (
				3417EA322215469900A9F54A /* jinshu.jpg */,
				3417EA3022153B2A00A9F54A /* skull.h */,
			);
			path = Skull;
			sourceTree = "<group>";
		};
		3417EA4522155F0800A9F54A /* Orange */ = {
			isa = PBXGroup;
			children = (
				3417EA4722155F4600A9F54A /* Orange_Color.jpg */,
				3417EA4822155F4600A9F54A /* Orange_Normal.jpg */,
				3417EA4322155EEF00A9F54A /* Orange.h */,
			);
			path = Orange;
			sourceTree = "<group>";
		};
		3417EA4622155F1000A9F54A /* Lamborghini_Aventador */ = {
			isa = PBXGroup;
			children = (
				3417EA3F2215504C00A9F54A /* Lamborginhi Aventador_diffuse.jpeg */,
				3417EA3A22154E3800A9F54A /* Lamborginhi Aventador_gloss.jpeg */,
				3417EA3B22154E3900A9F54A /* Lamborginhi Aventador_spec.jpeg */,
				3417EA3622154C2100A9F54A /* Lamborghini_Aventador.h */,
			);
			path = Lamborghini_Aventador;
			sourceTree = "<group>";
		};
		3417EA4B22156DB400A9F54A /* demo09(环境光) */ = {
			isa = PBXGroup;
			children = (
				3417EA4C22156DB400A9F54A /* smoothMonkey */,
				3417EA5222156DB400A9F54A /* GLESView9.h */,
				3417EA5022156DB400A9F54A /* GLESView9.m */,
				3417EA4F22156DB400A9F54A /* FragmentShader9.glsl */,
				3417EA572215719C00A9F54A /* VertextShader9.glsl */,
			);
			path = "demo09(环境光)";
			sourceTree = "<group>";
		};
		3417EA4C22156DB400A9F54A /* smoothMonkey */ = {
			isa = PBXGroup;
			children = (
				344FFFCE221A5BA100BBD174 /* OpenGL_Materials.png */,
				341E3E082216A0D300C208B4 /* OpenGL（十七）Photoshop blend算法 与 图层混合模式 - 阿修罗道 - CSDN博客.pdf */,
				3417EA5A22165C1D00A9F54A /* jinshu.jpg */,
				3417EA5922165BF800A9F54A /* smoothMonkey.h */,
			);
			path = smoothMonkey;
			sourceTree = "<group>";
		};
		3424E54F2212B12300F8E743 /* ColorImg */ = {
			isa = PBXGroup;
			children = (
				3424E5522212B12300F8E743 /* color_1.png */,
				3424E5502212B12300F8E743 /* color_2.png */,
				3424E5512212B12300F8E743 /* color_3.png */,
				3424E5532212B12300F8E743 /* color_4.png */,
				3424E5542212B12300F8E743 /* color_5.png */,
				3424E5552212B12300F8E743 /* color_6.png */,
				340222F5220EE92A005D41E3 /* wall.jpg */,
			);
			path = ColorImg;
			sourceTree = "<group>";
		};
		3424E56A2213C90A00F8E743 /* demo00(绘制一个纯色三角形) */ = {
			isa = PBXGroup;
			children = (
				34133A3021F999C200B6CE10 /* GLESView.h */,
				34133A3121F999C200B6CE10 /* GLESView.m */,
				34133A3621F9A8E500B6CE10 /* VertexShader.glsl */,
				34133A3821F9A90100B6CE10 /* FragmentShader.glsl */,
			);
			path = "demo00(绘制一个纯色三角形)";
			sourceTree = "<group>";
		};
		3424E56C2213C94D00F8E743 /* demo01(绘制一个正方形渐变色) */ = {
			isa = PBXGroup;
			children = (
				3425872721FAFDDC009B3EB0 /* GLESView1.h */,
				3425872821FAFDDC009B3EB0 /* GLESView1.m */,
				3425872A21FB0669009B3EB0 /* VertextShader1.glsl */,
				3425872C21FB0681009B3EB0 /* FragmentShader1.glsl */,
			);
			path = "demo01(绘制一个正方形渐变色)";
			sourceTree = "<group>";
		};
		3424E56D2213C95500F8E743 /* demo02(加载一个图片) */ = {
			isa = PBXGroup;
			children = (
				34EB365021FC4C220087CE1B /* GLESView2.h */,
				34EB365121FC4C220087CE1B /* GLESView2.m */,
				34EB365521FC4CD20087CE1B /* VertextShader2.glsl */,
				34EB365321FC4CBE0087CE1B /* FragmentShader2.glsl */,
			);
			path = "demo02(加载一个图片)";
			sourceTree = "<group>";
		};
		3424E56E2213C96D00F8E743 /* demo03(两个图片实现纹理混合液) */ = {
			isa = PBXGroup;
			children = (
				344FFFC7221A4FFF00BBD174 /* source */,
				34167F6221FEAA0900821785 /* GLESView3.h */,
				34167F6321FEAA0900821785 /* GLESView3.m */,
				3424E5782213CACD00F8E743 /* VertextShader3.glsl */,
				3424E5762213CABA00F8E743 /* FragmentShader3.glsl */,
			);
			path = "demo03(两个图片实现纹理混合液)";
			sourceTree = "<group>";
		};
		3424E56F2213C97300F8E743 /* demo04(正方体五个面相同) */ = {
			isa = PBXGroup;
			children = (
				340222E5220E66C0005D41E3 /* GLESView4.h */,
				340222E6220E66C0005D41E3 /* GLESView4.m */,
				340222E8220E7A8F005D41E3 /* VertextShader4.glsl */,
				340222EA220E7A9D005D41E3 /* FragmentShader4.glsl */,
			);
			path = "demo04(正方体五个面相同)";
			sourceTree = "<group>";
		};
		3424E5702213C97F00F8E743 /* demo05(正方体五个面不同) */ = {
			isa = PBXGroup;
			children = (
				3424E54F2212B12300F8E743 /* ColorImg */,
				3424E53F22125EFF00F8E743 /* GLESView5.h */,
				3424E54022125EFF00F8E743 /* GLESView5.m */,
				3424E5722213CA8600F8E743 /* VertextShader5.glsl */,
				3424E5742213CA9300F8E743 /* FragmentShader5.glsl */,
			);
			path = "demo05(正方体五个面不同)";
			sourceTree = "<group>";
		};
		3424E5712213C98500F8E743 /* demo06(加载视频) */ = {
			isa = PBXGroup;
			children = (
				3424E5822213E45E00F8E743 /* LYOpenGLView */,
				34DA3D462224E9FB0019239C /* recourse */,
				34DA3D452224E9D90019239C /* YUV 视频 */,
			);
			path = "demo06(加载视频)";
			sourceTree = "<group>";
		};
		3424E5822213E45E00F8E743 /* LYOpenGLView */ = {
			isa = PBXGroup;
			children = (
				344FFFC5221A4ED700BBD174 /* LYOpenGLView.h */,
				344FFFC6221A4ED700BBD174 /* LYOpenGLView.m */,
			);
			path = LYOpenGLView;
			sourceTree = "<group>";
		};
		3424E58522140DA400F8E743 /* demo07(球体) */ = {
			isa = PBXGroup;
			children = (
				3424E58F221429A300F8E743 /* OSSphere.h */,
				3424E58D2214290C00F8E743 /* earth-diffuse.jpg */,
				3424E58622140DD600F8E743 /* GLESView7.h */,
				3424E58722140DD600F8E743 /* GLESView7.m */,
				3424E58922140DEB00F8E743 /* VertextShader7.glsl */,
				3424E58B22140DF800F8E743 /* FragmentShader7.glsl */,
			);
			path = "demo07(球体)";
			sourceTree = "<group>";
		};
		344FFFC7221A4FFF00BBD174 /* source */ = {
			isa = PBXGroup;
			children = (
				344FFFC9221A500E00BBD174 /* box_1.png */,
				344FFFC8221A500D00BBD174 /* box_2.png */,
			);
			path = source;
			sourceTree = "<group>";
		};
		34841D322217E1280088D974 /* demo10(正方体光照贴图 法线有问题) */ = {
			isa = PBXGroup;
			children = (
				344FFFD4221A744000BBD174 /* cube.h */,
				34841D352217E1280088D974 /* GLESView10.h */,
				34841D332217E1280088D974 /* GLESView10.m */,
				34841D342217E1280088D974 /* VertextShader10.glsl */,
				34841D362217E1280088D974 /* FragmentShader10.glsl */,
			);
			path = "demo10(正方体光照贴图 法线有问题)";
			sourceTree = "<group>";
		};
		34DA3D452224E9D90019239C /* YUV 视频 */ = {
			isa = PBXGroup;
			children = (
				3428AA2A221D4B21005E6AD5 /* DYGiftEffectManager.h */,
				3428AA2B221D4B21005E6AD5 /* DYGiftEffectManager.m */,
				3428AA23221D4B20005E6AD5 /* DYGLESView.h */,
				3428AA1F221D4B1F005E6AD5 /* DYGLESView.m */,
				3428AA22221D4B20005E6AD5 /* FragmentShader6.glsl */,
				3428AA26221D4B21005E6AD5 /* VertextShader6.glsl */,
			);
			path = "YUV 视频";
			sourceTree = "<group>";
		};
		34DA3D462224E9FB0019239C /* recourse */ = {
			isa = PBXGroup;
			children = (
				3428AA24221D4B20005E6AD5 /* DYGLESUtils.h */,
				3428AA20221D4B1F005E6AD5 /* DYGLESUtils.m */,
				3428AA28221D4B21005E6AD5 /* rocket.mp4 */,
				3428AA29221D4B21005E6AD5 /* guanjun.mp4 */,
			);
			path = recourse;
			sourceTree = "<group>";
		};
/* End PBXGroup section */

/* Begin PBXNativeTarget section */
		34133A1621F999A700B6CE10 /* OpenGL ES Learning */ = {
			isa = PBXNativeTarget;
			buildConfigurationList = 34133A2D21F999A900B6CE10 /* Build configuration list for PBXNativeTarget "OpenGL ES Learning" */;
			buildPhases = (
				34133A1321F999A700B6CE10 /* Sources */,
				34133A1421F999A700B6CE10 /* Frameworks */,
				34133A1521F999A700B6CE10 /* Resources */,
			);
			buildRules = (
			);
			dependencies = (
			);
			name = "OpenGL ES Learning";
			productName = "OpenGL ES Learning";
			productReference = 34133A1721F999A700B6CE10 /* OpenGL ES Learning.app */;
			productType = "com.apple.product-type.application";
		};
/* End PBXNativeTarget section */

/* Begin PBXProject section */
		34133A0F21F999A700B6CE10 /* Project object */ = {
			isa = PBXProject;
			attributes = {
				LastUpgradeCheck = 1010;
				ORGANIZATIONNAME = "李超群";
				TargetAttributes = {
					34133A1621F999A700B6CE10 = {
						CreatedOnToolsVersion = 10.1;
					};
				};
			};
			buildConfigurationList = 34133A1221F999A700B6CE10 /* Build configuration list for PBXProject "OpenGL ES Learning" */;
			compatibilityVersion = "Xcode 9.3";
			developmentRegion = en;
			hasScannedForEncodings = 0;
			knownRegions = (
				en,
				Base,
			);
			mainGroup = 34133A0E21F999A700B6CE10;
			productRefGroup = 34133A1821F999A700B6CE10 /* Products */;
			projectDirPath = "";
			projectRoot = "";
			targets = (
				34133A1621F999A700B6CE10 /* OpenGL ES Learning */,
			);
		};
/* End PBXProject section */

/* Begin PBXResourcesBuildPhase section */
		34133A1521F999A700B6CE10 /* Resources */ = {
			isa = PBXResourcesBuildPhase;
			buildActionMask = 2147483647;
			files = (
				3428AA33221D4B21005E6AD5 /* guanjun.mp4 in Resources */,
				3417EA4A22155F4600A9F54A /* Orange_Normal.jpg in Resources */,
				3424E5772213CABA00F8E743 /* FragmentShader3.glsl in Resources */,
				3424E5592212B12300F8E743 /* color_4.png in Resources */,
				3417EA2F2215104100A9F54A /* VertextShader8.glsl in Resources */,
				3424E5732213CA8600F8E743 /* VertextShader5.glsl in Resources */,
				340222E9220E7A8F005D41E3 /* VertextShader4.glsl in Resources */,
				34133A2721F999A900B6CE10 /* LaunchScreen.storyboard in Resources */,
				340222F6220EE92A005D41E3 /* wall.jpg in Resources */,
				3417EA4922155F4600A9F54A /* Orange_Color.jpg in Resources */,
				3424E58E2214290D00F8E743 /* earth-diffuse.jpg in Resources */,
				3428AA31221D4B21005E6AD5 /* VertextShader6.glsl in Resources */,
				34841D392217E1280088D974 /* FragmentShader10.glsl in Resources */,
				3424E58C22140DF800F8E743 /* FragmentShader7.glsl in Resources */,
				3417EA3E22154E3900A9F54A /* Lamborginhi Aventador_spec.jpeg in Resources */,
				340222EB220E7A9D005D41E3 /* FragmentShader4.glsl in Resources */,
				3428AA32221D4B21005E6AD5 /* rocket.mp4 in Resources */,
				3417EA332215469900A9F54A /* jinshu.jpg in Resources */,
				3417EA402215504C00A9F54A /* Lamborginhi Aventador_diffuse.jpeg in Resources */,
				3417EA3D22154E3900A9F54A /* Lamborginhi Aventador_gloss.jpeg in Resources */,
				3424E5792213CACD00F8E743 /* VertextShader3.glsl in Resources */,
				34EB365421FC4CBE0087CE1B /* FragmentShader2.glsl in Resources */,
				3428AA2F221D4B21005E6AD5 /* FragmentShader6.glsl in Resources */,
				3417EA5422156DB400A9F54A /* FragmentShader9.glsl in Resources */,
				3424E55B2212B12300F8E743 /* color_6.png in Resources */,
				3425872B21FB0669009B3EB0 /* VertextShader1.glsl in Resources */,
				34841D382217E1280088D974 /* VertextShader10.glsl in Resources */,
				34133A2421F999A900B6CE10 /* Assets.xcassets in Resources */,
				344FFFCB221A500E00BBD174 /* box_1.png in Resources */,
				3424E5572212B12300F8E743 /* color_3.png in Resources */,
				34EB365621FC4CD20087CE1B /* VertextShader2.glsl in Resources */,
				3417EA5B22165C1D00A9F54A /* jinshu.jpg in Resources */,
				341E3E092216A0D300C208B4 /* OpenGL（十七）Photoshop blend算法 与 图层混合模式 - 阿修罗道 - CSDN博客.pdf in Resources */,
				3417EA582215719C00A9F54A /* VertextShader9.glsl in Resources */,
				3424E5582212B12300F8E743 /* color_1.png in Resources */,
				34133A3721F9A8E500B6CE10 /* VertexShader.glsl in Resources */,
				3424E5752213CA9300F8E743 /* FragmentShader5.glsl in Resources */,
				34133A3921F9A90100B6CE10 /* FragmentShader.glsl in Resources */,
				3425872D21FB0681009B3EB0 /* FragmentShader1.glsl in Resources */,
				3424E55A2212B12300F8E743 /* color_5.png in Resources */,
				34133A2221F999A700B6CE10 /* Main.storyboard in Resources */,
				344FFFCA221A500E00BBD174 /* box_2.png in Resources */,
				3417EA2E2215104100A9F54A /* FragmentShader8.glsl in Resources */,
				3424E58A22140DEB00F8E743 /* VertextShader7.glsl in Resources */,
				3424E5562212B12300F8E743 /* color_2.png in Resources */,
			);
			runOnlyForDeploymentPostprocessing = 0;
		};
/* End PBXResourcesBuildPhase section */

/* Begin PBXSourcesBuildPhase section */
		34133A1321F999A700B6CE10 /* Sources */ = {
			isa = PBXSourcesBuildPhase;
			buildActionMask = 2147483647;
			files = (
				34133A1F21F999A700B6CE10 /* ViewController.m in Sources */,
				3417EA312215402000A9F54A /* GLESView7.m in Sources */,
				3424E54122125EFF00F8E743 /* GLESView5.m in Sources */,
				3428AA2C221D4B21005E6AD5 /* DYGLESView.m in Sources */,
				340222F4220E818A005D41E3 /* GLESMath.c in Sources */,
				340222E7220E66C0005D41E3 /* GLESView4.m in Sources */,
				344FFFD3221A732C00BBD174 /* GLESView9.m in Sources */,
				3428AA34221D4B21005E6AD5 /* DYGiftEffectManager.m in Sources */,
				3428AA2D221D4B21005E6AD5 /* DYGLESUtils.m in Sources */,
				344FFFD2221A6FF700BBD174 /* GLESView10.m in Sources */,
				3417EA5E22165CCC00A9F54A /* DYGestureRecognizerView.m in Sources */,
				34133A2A21F999A900B6CE10 /* main.m in Sources */,
				34133A3521F9A3BE00B6CE10 /* GLESUtils.m in Sources */,
				3425872921FAFDDC009B3EB0 /* GLESView1.m in Sources */,
				3417EA2B22150E4500A9F54A /* GLESView8.m in Sources */,
				34133A1C21F999A700B6CE10 /* AppDelegate.m in Sources */,
				34167F6421FEAA0900821785 /* GLESView3.m in Sources */,
				34EB365221FC4C220087CE1B /* GLESView2.m in Sources */,
				34133A3221F999C200B6CE10 /* GLESView.m in Sources */,
			);
			runOnlyForDeploymentPostprocessing = 0;
		};
/* End PBXSourcesBuildPhase section */

/* Begin PBXVariantGroup section */
		34133A2021F999A700B6CE10 /* Main.storyboard */ = {
			isa = PBXVariantGroup;
			children = (
				34133A2121F999A700B6CE10 /* Base */,
			);
			name = Main.storyboard;
			sourceTree = "<group>";
		};
		34133A2521F999A900B6CE10 /* LaunchScreen.storyboard */ = {
			isa = PBXVariantGroup;
			children = (
				34133A2621F999A900B6CE10 /* Base */,
			);
			name = LaunchScreen.storyboard;
			sourceTree = "<group>";
		};
/* End PBXVariantGroup section */

/* Begin XCBuildConfiguration section */
		34133A2B21F999A900B6CE10 /* Debug */ = {
			isa = XCBuildConfiguration;
			buildSettings = {
				ALWAYS_SEARCH_USER_PATHS = NO;
				CLANG_ANALYZER_NONNULL = YES;
				CLANG_ANALYZER_NUMBER_OBJECT_CONVERSION = YES_AGGRESSIVE;
				CLANG_CXX_LANGUAGE_STANDARD = "gnu++14";
				CLANG_CXX_LIBRARY = "libc++";
				CLANG_ENABLE_MODULES = YES;
				CLANG_ENABLE_OBJC_ARC = YES;
				CLANG_ENABLE_OBJC_WEAK = YES;
				CLANG_WARN_BLOCK_CAPTURE_AUTORELEASING = YES;
				CLANG_WARN_BOOL_CONVERSION = YES;
				CLANG_WARN_COMMA = YES;
				CLANG_WARN_CONSTANT_CONVERSION = YES;
				CLANG_WARN_DEPRECATED_OBJC_IMPLEMENTATIONS = YES;
				CLANG_WARN_DIRECT_OBJC_ISA_USAGE = YES_ERROR;
				CLANG_WARN_DOCUMENTATION_COMMENTS = YES;
				CLANG_WARN_EMPTY_BODY = YES;
				CLANG_WARN_ENUM_CONVERSION = YES;
				CLANG_WARN_INFINITE_RECURSION = YES;
				CLANG_WARN_INT_CONVERSION = YES;
				CLANG_WARN_NON_LITERAL_NULL_CONVERSION = YES;
				CLANG_WARN_OBJC_IMPLICIT_RETAIN_SELF = YES;
				CLANG_WARN_OBJC_LITERAL_CONVERSION = YES;
				CLANG_WARN_OBJC_ROOT_CLASS = YES_ERROR;
				CLANG_WARN_RANGE_LOOP_ANALYSIS = YES;
				CLANG_WARN_STRICT_PROTOTYPES = YES;
				CLANG_WARN_SUSPICIOUS_MOVE = YES;
				CLANG_WARN_UNGUARDED_AVAILABILITY = YES_AGGRESSIVE;
				CLANG_WARN_UNREACHABLE_CODE = YES;
				CLANG_WARN__DUPLICATE_METHOD_MATCH = YES;
				CODE_SIGN_IDENTITY = "iPhone Developer";
				COPY_PHASE_STRIP = NO;
				DEBUG_INFORMATION_FORMAT = dwarf;
				ENABLE_STRICT_OBJC_MSGSEND = YES;
				ENABLE_TESTABILITY = YES;
				GCC_C_LANGUAGE_STANDARD = gnu11;
				GCC_DYNAMIC_NO_PIC = NO;
				GCC_NO_COMMON_BLOCKS = YES;
				GCC_OPTIMIZATION_LEVEL = 0;
				GCC_PREPROCESSOR_DEFINITIONS = (
					"DEBUG=1",
					"$(inherited)",
				);
				GCC_WARN_64_TO_32_BIT_CONVERSION = YES;
				GCC_WARN_ABOUT_RETURN_TYPE = YES_ERROR;
				GCC_WARN_UNDECLARED_SELECTOR = YES;
				GCC_WARN_UNINITIALIZED_AUTOS = YES_AGGRESSIVE;
				GCC_WARN_UNUSED_FUNCTION = YES;
				GCC_WARN_UNUSED_VARIABLE = YES;
				IPHONEOS_DEPLOYMENT_TARGET = 12.1;
				MTL_ENABLE_DEBUG_INFO = INCLUDE_SOURCE;
				MTL_FAST_MATH = YES;
				ONLY_ACTIVE_ARCH = YES;
				SDKROOT = iphoneos;
			};
			name = Debug;
		};
		34133A2C21F999A900B6CE10 /* Release */ = {
			isa = XCBuildConfiguration;
			buildSettings = {
				ALWAYS_SEARCH_USER_PATHS = NO;
				CLANG_ANALYZER_NONNULL = YES;
				CLANG_ANALYZER_NUMBER_OBJECT_CONVERSION = YES_AGGRESSIVE;
				CLANG_CXX_LANGUAGE_STANDARD = "gnu++14";
				CLANG_CXX_LIBRARY = "libc++";
				CLANG_ENABLE_MODULES = YES;
				CLANG_ENABLE_OBJC_ARC = YES;
				CLANG_ENABLE_OBJC_WEAK = YES;
				CLANG_WARN_BLOCK_CAPTURE_AUTORELEASING = YES;
				CLANG_WARN_BOOL_CONVERSION = YES;
				CLANG_WARN_COMMA = YES;
				CLANG_WARN_CONSTANT_CONVERSION = YES;
				CLANG_WARN_DEPRECATED_OBJC_IMPLEMENTATIONS = YES;
				CLANG_WARN_DIRECT_OBJC_ISA_USAGE = YES_ERROR;
				CLANG_WARN_DOCUMENTATION_COMMENTS = YES;
				CLANG_WARN_EMPTY_BODY = YES;
				CLANG_WARN_ENUM_CONVERSION = YES;
				CLANG_WARN_INFINITE_RECURSION = YES;
				CLANG_WARN_INT_CONVERSION = YES;
				CLANG_WARN_NON_LITERAL_NULL_CONVERSION = YES;
				CLANG_WARN_OBJC_IMPLICIT_RETAIN_SELF = YES;
				CLANG_WARN_OBJC_LITERAL_CONVERSION = YES;
				CLANG_WARN_OBJC_ROOT_CLASS = YES_ERROR;
				CLANG_WARN_RANGE_LOOP_ANALYSIS = YES;
				CLANG_WARN_STRICT_PROTOTYPES = YES;
				CLANG_WARN_SUSPICIOUS_MOVE = YES;
				CLANG_WARN_UNGUARDED_AVAILABILITY = YES_AGGRESSIVE;
				CLANG_WARN_UNREACHABLE_CODE = YES;
				CLANG_WARN__DUPLICATE_METHOD_MATCH = YES;
				CODE_SIGN_IDENTITY = "iPhone Developer";
				COPY_PHASE_STRIP = NO;
				DEBUG_INFORMATION_FORMAT = "dwarf-with-dsym";
				ENABLE_NS_ASSERTIONS = NO;
				ENABLE_STRICT_OBJC_MSGSEND = YES;
				GCC_C_LANGUAGE_STANDARD = gnu11;
				GCC_NO_COMMON_BLOCKS = YES;
				GCC_WARN_64_TO_32_BIT_CONVERSION = YES;
				GCC_WARN_ABOUT_RETURN_TYPE = YES_ERROR;
				GCC_WARN_UNDECLARED_SELECTOR = YES;
				GCC_WARN_UNINITIALIZED_AUTOS = YES_AGGRESSIVE;
				GCC_WARN_UNUSED_FUNCTION = YES;
				GCC_WARN_UNUSED_VARIABLE = YES;
				IPHONEOS_DEPLOYMENT_TARGET = 12.1;
				MTL_ENABLE_DEBUG_INFO = NO;
				MTL_FAST_MATH = YES;
				SDKROOT = iphoneos;
				VALIDATE_PRODUCT = YES;
			};
			name = Release;
		};
		34133A2E21F999A900B6CE10 /* Debug */ = {
			isa = XCBuildConfiguration;
			buildSettings = {
				ASSETCATALOG_COMPILER_APPICON_NAME = AppIcon;
				CODE_SIGN_IDENTITY = "iPhone Developer: 735495048@qq.com (4599FFQGB3)";
				CODE_SIGN_STYLE = Manual;
				DEVELOPMENT_TEAM = R9TTUZA6N2;
				INFOPLIST_FILE = "OpenGL ES Learning/Info.plist";
				IPHONEOS_DEPLOYMENT_TARGET = 11.0;
				LD_RUNPATH_SEARCH_PATHS = (
					"$(inherited)",
					"@executable_path/Frameworks",
				);
				PRODUCT_BUNDLE_IDENTIFIER = "com.tencent.tv.qie.OpenGL-ES-Learning";
				PRODUCT_NAME = "$(TARGET_NAME)";
				PROVISIONING_PROFILE_SPECIFIER = QIENEWNEW;
				TARGETED_DEVICE_FAMILY = 1;
			};
			name = Debug;
		};
		34133A2F21F999A900B6CE10 /* Release */ = {
			isa = XCBuildConfiguration;
			buildSettings = {
				ASSETCATALOG_COMPILER_APPICON_NAME = AppIcon;
				CODE_SIGN_IDENTITY = "iPhone Developer: 735495048@qq.com (4599FFQGB3)";
				CODE_SIGN_STYLE = Manual;
				DEVELOPMENT_TEAM = R9TTUZA6N2;
				INFOPLIST_FILE = "OpenGL ES Learning/Info.plist";
				IPHONEOS_DEPLOYMENT_TARGET = 11.0;
				LD_RUNPATH_SEARCH_PATHS = (
					"$(inherited)",
					"@executable_path/Frameworks",
				);
				PRODUCT_BUNDLE_IDENTIFIER = "com.tencent.tv.qie.OpenGL-ES-Learning";
				PRODUCT_NAME = "$(TARGET_NAME)";
				PROVISIONING_PROFILE_SPECIFIER = QIENEWNEW;
				TARGETED_DEVICE_FAMILY = 1;
			};
			name = Release;
		};
/* End XCBuildConfiguration section */

/* Begin XCConfigurationList section */
		34133A1221F999A700B6CE10 /* Build configuration list for PBXProject "OpenGL ES Learning" */ = {
			isa = XCConfigurationList;
			buildConfigurations = (
				34133A2B21F999A900B6CE10 /* Debug */,
				34133A2C21F999A900B6CE10 /* Release */,
			);
			defaultConfigurationIsVisible = 0;
			defaultConfigurationName = Release;
		};
		34133A2D21F999A900B6CE10 /* Build configuration list for PBXNativeTarget "OpenGL ES Learning" */ = {
			isa = XCConfigurationList;
			buildConfigurations = (
				34133A2E21F999A900B6CE10 /* Debug */,
				34133A2F21F999A900B6CE10 /* Release */,
			);
			defaultConfigurationIsVisible = 0;
			defaultConfigurationName = Release;
		};
/* End XCConfigurationList section */
	};
	rootObject = 34133A0F21F999A700B6CE10 /* Project object */;
}
